{
  "version": "5",
  "workspace": {
    "packageJson": {
      "dependencies": [
        "npm:@antfu/eslint-config@^4.14.1",
        "npm:@casl/ability@^6.7.3",
        "npm:@emailjs/browser@^4.4.1",
        "npm:@feathersjs/authentication-client@^5.0.34",
        "npm:@feathersjs/feathers@^5.0.34",
        "npm:@feathersjs/socketio-client@^5.0.34",
        "npm:@iconify-json/carbon@^1.2.9",
        "npm:@iconify-json/twemoji@^1.2.2",
        "npm:@nuxt/devtools@^2.5.0",
        "npm:@nuxt/eslint@^1.4.1",
        "npm:@nuxtjs/color-mode@^3.5.2",
        "npm:@nuxtjs/i18n@9.3.1",
        "npm:@nuxtjs/tailwindcss@6",
        "npm:@pinia/colada@~0.14.2",
        "npm:@pinia/nuxt@0.9",
        "npm:@quasar/extras@^1.17.0",
        "npm:@quasar/quasar-ui-qmediaplayer@2.0.0-beta.6",
        "npm:@types/passport-http-bearer@^1.0.41",
        "npm:@unocss/eslint-config@^65.5.0",
        "npm:@unocss/nuxt@^65.5.0",
        "npm:@vite-pwa/nuxt@~0.10.8",
        "npm:@vueuse/nuxt@^13.3.0",
        "npm:bcryptjs@^3.0.2",
        "npm:consola@^3.4.2",
        "npm:eslint-plugin-format@^1.0.1",
        "npm:eslint@^9.28.0",
        "npm:express@^5.1.0",
        "npm:fuse.js@^7.1.0",
        "npm:h3-session@~0.2.5",
        "npm:hellojs@^1.20.0",
        "npm:iron-session@^8.0.4",
        "npm:jsdom@^26.1.0",
        "npm:jsonwebtoken@^9.0.2",
        "npm:moment@^2.30.1",
        "npm:mongoose@^8.15.1",
        "npm:nodemailer@^7.0.3",
        "npm:nuxt-gtag@3.0.2",
        "npm:nuxt-mongoose@1.0.6",
        "npm:nuxt-quasar-ui@^2.1.12",
        "npm:nuxt-socket-io@^3.0.13",
        "npm:nuxt@latest",
        "npm:passport-github2@~0.1.12",
        "npm:passport-http-bearer@^1.0.1",
        "npm:passport-local@1",
        "npm:passport@0.7",
        "npm:pinia-plugin-persistedstate@^4.3.0",
        "npm:pinia@^2.3.1",
        "npm:quasar@^2.18.1",
        "npm:resolve@^1.22.10",
        "npm:sass@^1.89.1",
        "npm:socket.io-client@^4.8.1",
        "npm:typescript@^5.8.3",
        "npm:unhead@2.0.0-rc.9",
        "npm:vue-scroll-picker@2",
        "npm:vue-tsc@^2.2.10",
        "npm:webpack@^5.99.9"
      ]
    }
  }
}
