{
  "version": "5",
  "workspace": {
    "packageJson": {
      "dependencies": [
        "npm:@antfu/eslint-config@^4.19.0",
        "npm:@casl/ability@^6.7.3",
        "npm:@emailjs/browser@^4.4.1",
        "npm:@feathersjs/authentication-client@^5.0.35",
        "npm:@feathersjs/feathers@^5.0.35",
        "npm:@iconify-json/carbon@^1.2.14",
        "npm:@iconify-json/twemoji@^1.2.4",
        "npm:@nuxt/devtools@^2.7.0",
        "npm:@nuxt/eslint@^1.10.0",
        "npm:@nuxtjs/color-mode@^3.5.2",
        "npm:@nuxtjs/i18n@9.3.1",
        "npm:@nuxtjs/tailwindcss@^6.14.0",
        "npm:@oxc-minify/binding-darwin-arm64@0.94",
        "npm:@oxc-minify/binding-darwin-x64@0.94",
        "npm:@oxc-parser/binding-darwin-arm64@0.94",
        "npm:@oxc-parser/binding-darwin-x64@0.94",
        "npm:@oxc-transform/binding-darwin-arm64@0.94",
        "npm:@oxc-transform/binding-darwin-x64@0.94",
        "npm:@pinia/colada@~0.14.2",
        "npm:@pinia/nuxt@0.9",
        "npm:@quasar/extras@^1.17.0",
        "npm:@quasar/quasar-ui-qmediaplayer@2.0.0-beta.6",
        "npm:@types/passport-http-bearer@^1.0.42",
        "npm:@typescript-eslint/eslint-plugin@^5.62.0",
        "npm:@unhead/vue@^2.0.19",
        "npm:@unocss/eslint-config@^65.5.0",
        "npm:@unocss/nuxt@^65.5.0",
        "npm:@vercel/speed-insights@^1.2.0",
        "npm:@vite-pwa/nuxt@~0.10.8",
        "npm:@vitejs/plugin-vue@^6.0.5",
        "npm:@vue/test-utils@^2.4.6",
        "npm:@vueuse/core@14",
        "npm:@vueuse/nuxt@^13.9.0",
        "npm:bcryptjs@^3.0.3",
        "npm:consola@^3.4.2",
        "npm:eslint-plugin-format@^1.0.2",
        "npm:eslint-plugin-import@^2.32.0",
        "npm:eslint-plugin-node@^11.1.0",
        "npm:eslint-plugin-ts@1",
        "npm:eslint-plugin-unused-imports@^3.2.0",
        "npm:eslint@^9.39.1",
        "npm:express@^5.1.0",
        "npm:fuse.js@^7.1.0",
        "npm:h3-session@~0.2.5",
        "npm:hellojs@^1.20.0",
        "npm:iron-session@^8.0.4",
        "npm:jsdom@^26.1.0",
        "npm:jsonwebtoken@^9.0.2",
        "npm:moment@^2.30.1",
        "npm:mongoose@^8.19.3",
        "npm:nodemailer@^7.0.10",
        "npm:nuxt-auth-utils@0.5.25",
        "npm:nuxt-gtag@3.0.2",
        "npm:nuxt-mongoose@1.0.6",
        "npm:nuxt-quasar-ui@^2.1.13",
        "npm:nuxt@latest",
        "npm:passport-github2@~0.1.12",
        "npm:passport-google-oauth20@2",
        "npm:passport-http-bearer@^1.0.1",
        "npm:passport-local@1",
        "npm:passport@0.7",
        "npm:pinia-plugin-persistedstate@^4.7.1",
        "npm:pinia@^2.3.1",
        "npm:puppeteer@^24.28.0",
        "npm:quasar@^2.18.5",
        "npm:resolve@^1.22.11",
        "npm:sass@^1.93.3",
        "npm:solid-js@^1.9.10",
        "npm:typescript@^5.9.3",
        "npm:unhead@2.0.0-rc.9",
        "npm:vitest@^1.6.1",
        "npm:vue-scroll-picker@^2.0.1",
        "npm:vue-tsc@^2.2.12",
        "npm:webpack@^5.102.1"
      ]
    }
  }
}
